// !$*UTF8*$!
{
	archiveVersion = 1;
	classes = {
	};
	objectVersion = 48;
	objects = {

/* Begin PBXBuildFile section */
		03342D322092407A001EF774 /* AppDelegate.swift in Sources */ = {isa = PBXBuildFile; fileRef = 03342D312092407A001EF774 /* AppDelegate.swift */; };
		03342D342092407A001EF774 /* ViewController.swift in Sources */ = {isa = PBXBuildFile; fileRef = 03342D332092407A001EF774 /* ViewController.swift */; };
		03342D372092407A001EF774 /* Main.storyboard in Resources */ = {isa = PBXBuildFile; fileRef = 03342D352092407A001EF774 /* Main.storyboard */; };
		03342D392092407A001EF774 /* Assets.xcassets in Resources */ = {isa = PBXBuildFile; fileRef = 03342D382092407A001EF774 /* Assets.xcassets */; };
		03342D3C2092407A001EF774 /* LaunchScreen.storyboard in Resources */ = {isa = PBXBuildFile; fileRef = 03342D3A2092407A001EF774 /* LaunchScreen.storyboard */; };
		03342D44209240AB001EF774 /* AnotherViewController.swift in Sources */ = {isa = PBXBuildFile; fileRef = 03342D43209240AB001EF774 /* AnotherViewController.swift */; };
/* End PBXBuildFile section */

/* Begin PBXFileReference section */
		03342D2E2092407A001EF774 /* ProjectToTestUINavigationController.app */ = {isa = PBXFileReference; explicitFileType = wrapper.application; includeInIndex = 0; path = ProjectToTestUINavigationController.app; sourceTree = BUILT_PRODUCTS_DIR; };
		03342D312092407A001EF774 /* AppDelegate.swift */ = {isa = PBXFileReference; lastKnownFileType = sourcecode.swift; path = AppDelegate.swift; sourceTree = "<group>"; };
		03342D332092407A001EF774 /* ViewController.swift */ = {isa = PBXFileReference; lastKnownFileType = sourcecode.swift; path = ViewController.swift; sourceTree = "<group>"; };
		03342D362092407A001EF774 /* Base */ = {isa = PBXFileReference; lastKnownFileType = file.storyboard; name = Base; path = Base.lproj/Main.storyboard; sourceTree = "<group>"; };
		03342D382092407A001EF774 /* Assets.xcassets */ = {isa = PBXFileReference; lastKnownFileType = folder.assetcatalog; path = Assets.xcassets; sourceTree = "<group>"; };
		03342D3B2092407A001EF774 /* Base */ = {isa = PBXFileReference; lastKnownFileType = file.storyboard; name = Base; path = Base.lproj/LaunchScreen.storyboard; sourceTree = "<group>"; };
		03342D3D2092407A001EF774 /* Info.plist */ = {isa = PBXFileReference; lastKnownFileType = text.plist.xml; path = Info.plist; sourceTree = "<group>"; };
		03342D43209240AB001EF774 /* AnotherViewController.swift */ = {isa = PBXFileReference; lastKnownFileType = sourcecode.swift; path = AnotherViewController.swift; sourceTree = "<group>"; };
/* End PBXFileReference section */

/* Begin PBXFrameworksBuildPhase section */
		03342D2B2092407A001EF774 /* Frameworks */ = {
			isa = PBXFrameworksBuildPhase;
			buildActionMask = 2147483647;
			files = (
			);
			runOnlyForDeploymentPostprocessing = 0;
		};
/* End PBXFrameworksBuildPhase section */

/* Begin PBXGroup section */
		03342D252092407A001EF774 = {
			isa = PBXGroup;
			children = (
				03342D302092407A001EF774 /* ProjectToTestUINavigationController */,
				03342D2F2092407A001EF774 /* Products */,
			);
			sourceTree = "<group>";
		};
		03342D2F2092407A001EF774 /* Products */ = {
			isa = PBXGroup;
			children = (
				03342D2E2092407A001EF774 /* ProjectToTestUINavigationController.app */,
			);
			name = Products;
			sourceTree = "<group>";
		};
		03342D302092407A001EF774 /* ProjectToTestUINavigationController */ = {
			isa = PBXGroup;
			children = (
				03342D312092407A001EF774 /* AppDelegate.swift */,
				03342D332092407A001EF774 /* ViewController.swift */,
				03342D43209240AB001EF774 /* AnotherViewController.swift */,
				03342D352092407A001EF774 /* Main.storyboard */,
				03342D382092407A001EF774 /* Assets.xcassets */,
				03342D3A2092407A001EF774 /* LaunchScreen.storyboard */,
				03342D3D2092407A001EF774 /* Info.plist */,
			);
			path = ProjectToTestUINavigationController;
			sourceTree = "<group>";
		};
/* End PBXGroup section */

/* Begin PBXNativeTarget section */
		03342D2D2092407A001EF774 /* ProjectToTestUINavigationController */ = {
			isa = PBXNativeTarget;
			buildConfigurationList = 03342D402092407A001EF774 /* Build configuration list for PBXNativeTarget "ProjectToTestUINavigationController" */;
			buildPhases = (
				03342D2A2092407A001EF774 /* Sources */,
				03342D2B2092407A001EF774 /* Frameworks */,
				03342D2C2092407A001EF774 /* Resources */,
			);
			buildRules = (
			);
			dependencies = (
			);
			name = ProjectToTestUINavigationController;
			productName = ProjectToTestUINavigationController;
			productReference = 03342D2E2092407A001EF774 /* ProjectToTestUINavigationController.app */;
			productType = "com.apple.product-type.application";
		};
/* End PBXNativeTarget section */

/* Begin PBXProject section */
		03342D262092407A001EF774 /* Project object */ = {
			isa = PBXProject;
			attributes = {
				LastSwiftUpdateCheck = 0920;
				LastUpgradeCheck = 0920;
				ORGANIZATIONNAME = EquipeSuporteAplicacao;
				TargetAttributes = {
					03342D2D2092407A001EF774 = {
						CreatedOnToolsVersion = 9.2;
						ProvisioningStyle = Automatic;
					};
				};
			};
			buildConfigurationList = 03342D292092407A001EF774 /* Build configuration list for PBXProject "ProjectToTestUINavigationController" */;
			compatibilityVersion = "Xcode 8.0";
			developmentRegion = en;
			hasScannedForEncodings = 0;
			knownRegions = (
				en,
				Base,
			);
			mainGroup = 03342D252092407A001EF774;
			productRefGroup = 03342D2F2092407A001EF774 /* Products */;
			projectDirPath = "";
			projectRoot = "";
			targets = (
				03342D2D2092407A001EF774 /* ProjectToTestUINavigationController */,
			);
		};
/* End PBXProject section */

/* Begin PBXResourcesBuildPhase section */
		03342D2C2092407A001EF774 /* Resources */ = {
			isa = PBXResourcesBuildPhase;
			buildActionMask = 2147483647;
			files = (
				03342D3C2092407A001EF774 /* LaunchScreen.storyboard in Resources */,
				03342D392092407A001EF774 /* Assets.xcassets in Resources */,
				03342D372092407A001EF774 /* Main.storyboard in Resources */,
			);
			runOnlyForDeploymentPostprocessing = 0;
		};
/* End PBXResourcesBuildPhase section */

/* Begin PBXSourcesBuildPhase section */
		03342D2A2092407A001EF774 /* Sources */ = {
			isa = PBXSourcesBuildPhase;
			buildActionMask = 2147483647;
			files = (
				03342D342092407A001EF774 /* ViewController.swift in Sources */,
				03342D322092407A001EF774 /* AppDelegate.swift in Sources */,
				03342D44209240AB001EF774 /* AnotherViewController.swift in Sources */,
			);
			runOnlyForDeploymentPostprocessing = 0;
		};
/* End PBXSourcesBuildPhase section */

/* Begin PBXVariantGroup section */
		03342D352092407A001EF774 /* Main.storyboard */ = {
			isa = PBXVariantGroup;
			children = (
				03342D362092407A001EF774 /* Base */,
			);
			name = Main.storyboard;
			sourceTree = "<group>";
		};
		03342D3A2092407A001EF774 /* LaunchScreen.storyboard */ = {
			isa = PBXVariantGroup;
			children = (
				03342D3B2092407A001EF774 /* Base */,
			);
			name = LaunchScreen.storyboard;
			sourceTree = "<group>";
		};
/* End PBXVariantGroup section */

/* Begin XCBuildConfiguration section */
		03342D3E2092407A001EF774 /* Debug */ = {
			isa = XCBuildConfiguration;
			buildSettings = {
				ALWAYS_SEARCH_USER_PATHS = NO;
				CLANG_ANALYZER_NONNULL = YES;
				CLANG_ANALYZER_NUMBER_OBJECT_CONVERSION = YES_AGGRESSIVE;
				CLANG_CXX_LANGUAGE_STANDARD = "gnu++14";
				CLANG_CXX_LIBRARY = "libc++";
				CLANG_ENABLE_MODULES = YES;
				CLANG_ENABLE_OBJC_ARC = YES;
				CLANG_WARN_BLOCK_CAPTURE_AUTORELEASING = YES;
				CLANG_WARN_BOOL_CONVERSION = YES;
				CLANG_WARN_COMMA = YES;
				CLANG_WARN_CONSTANT_CONVERSION = YES;
				CLANG_WARN_DIRECT_OBJC_ISA_USAGE = YES_ERROR;
				CLANG_WARN_DOCUMENTATION_COMMENTS = YES;
				CLANG_WARN_EMPTY_BODY = YES;
				CLANG_WARN_ENUM_CONVERSION = YES;
				CLANG_WARN_INFINITE_RECURSION = YES;
				CLANG_WARN_INT_CONVERSION = YES;
				CLANG_WARN_NON_LITERAL_NULL_CONVERSION = YES;
				CLANG_WARN_OBJC_LITERAL_CONVERSION = YES;
				CLANG_WARN_OBJC_ROOT_CLASS = YES_ERROR;
				CLANG_WARN_RANGE_LOOP_ANALYSIS = YES;
				CLANG_WARN_STRICT_PROTOTYPES = YES;
				CLANG_WARN_SUSPICIOUS_MOVE = YES;
				CLANG_WARN_UNGUARDED_AVAILABILITY = YES_AGGRESSIVE;
				CLANG_WARN_UNREACHABLE_CODE = YES;
				CLANG_WARN__DUPLICATE_METHOD_MATCH = YES;
				CODE_SIGN_IDENTITY = "iPhone Developer";
				COPY_PHASE_STRIP = NO;
				DEBUG_INFORMATION_FORMAT = dwarf;
				ENABLE_STRICT_OBJC_MSGSEND = YES;
				ENABLE_TESTABILITY = YES;
				GCC_C_LANGUAGE_STANDARD = gnu11;
				GCC_DYNAMIC_NO_PIC = NO;
				GCC_NO_COMMON_BLOCKS = YES;
				GCC_OPTIMIZATION_LEVEL = 0;
				GCC_PREPROCESSOR_DEFINITIONS = (
					"DEBUG=1",
					"$(inherited)",
				);
				GCC_WARN_64_TO_32_BIT_CONVERSION = YES;
				GCC_WARN_ABOUT_RETURN_TYPE = YES_ERROR;
				GCC_WARN_UNDECLARED_SELECTOR = YES;
				GCC_WARN_UNINITIALIZED_AUTOS = YES_AGGRESSIVE;
				GCC_WARN_UNUSED_FUNCTION = YES;
				GCC_WARN_UNUSED_VARIABLE = YES;
				IPHONEOS_DEPLOYMENT_TARGET = 11.2;
				MTL_ENABLE_DEBUG_INFO = YES;
				ONLY_ACTIVE_ARCH = YES;
				SDKROOT = iphoneos;
				SWIFT_ACTIVE_COMPILATION_CONDITIONS = DEBUG;
				SWIFT_OPTIMIZATION_LEVEL = "-Onone";
			};
			name = Debug;
		};
		03342D3F2092407A001EF774 /* Release */ = {
			isa = XCBuildConfiguration;
			buildSettings = {
				ALWAYS_SEARCH_USER_PATHS = NO;
				CLANG_ANALYZER_NONNULL = YES;
				CLANG_ANALYZER_NUMBER_OBJECT_CONVERSION = YES_AGGRESSIVE;
				CLANG_CXX_LANGUAGE_STANDARD = "gnu++14";
				CLANG_CXX_LIBRARY = "libc++";
				CLANG_ENABLE_MODULES = YES;
				CLANG_ENABLE_OBJC_ARC = YES;
				CLANG_WARN_BLOCK_CAPTURE_AUTORELEASING = YES;
				CLANG_WARN_BOOL_CONVERSION = YES;
				CLANG_WARN_COMMA = YES;
				CLANG_WARN_CONSTANT_CONVERSION = YES;
				CLANG_WARN_DIRECT_OBJC_ISA_USAGE = YES_ERROR;
				CLANG_WARN_DOCUMENTATION_COMMENTS = YES;
				CLANG_WARN_EMPTY_BODY = YES;
				CLANG_WARN_ENUM_CONVERSION = YES;
				CLANG_WARN_INFINITE_RECURSION = YES;
				CLANG_WARN_INT_CONVERSION = YES;
				CLANG_WARN_NON_LITERAL_NULL_CONVERSION = YES;
				CLANG_WARN_OBJC_LITERAL_CONVERSION = YES;
				CLANG_WARN_OBJC_ROOT_CLASS = YES_ERROR;
				CLANG_WARN_RANGE_LOOP_ANALYSIS = YES;
				CLANG_WARN_STRICT_PROTOTYPES = YES;
				CLANG_WARN_SUSPICIOUS_MOVE = YES;
				CLANG_WARN_UNGUARDED_AVAILABILITY = YES_AGGRESSIVE;
				CLANG_WARN_UNREACHABLE_CODE = YES;
				CLANG_WARN__DUPLICATE_METHOD_MATCH = YES;
				CODE_SIGN_IDENTITY = "iPhone Developer";
				COPY_PHASE_STRIP = NO;
				DEBUG_INFORMATION_FORMAT = "dwarf-with-dsym";
				ENABLE_NS_ASSERTIONS = NO;
				ENABLE_STRICT_OBJC_MSGSEND = YES;
				GCC_C_LANGUAGE_STANDARD = gnu11;
				GCC_NO_COMMON_BLOCKS = YES;
				GCC_WARN_64_TO_32_BIT_CONVERSION = YES;
				GCC_WARN_ABOUT_RETURN_TYPE = YES_ERROR;
				GCC_WARN_UNDECLARED_SELECTOR = YES;
				GCC_WARN_UNINITIALIZED_AUTOS = YES_AGGRESSIVE;
				GCC_WARN_UNUSED_FUNCTION = YES;
				GCC_WARN_UNUSED_VARIABLE = YES;
				IPHONEOS_DEPLOYMENT_TARGET = 11.2;
				MTL_ENABLE_DEBUG_INFO = NO;
				SDKROOT = iphoneos;
				SWIFT_OPTIMIZATION_LEVEL = "-Owholemodule";
				VALIDATE_PRODUCT = YES;
			};
			name = Release;
		};
		03342D412092407A001EF774 /* Debug */ = {
			isa = XCBuildConfiguration;
			buildSettings = {
				ASSETCATALOG_COMPILER_APPICON_NAME = AppIcon;
				CODE_SIGN_STYLE = Automatic;
				INFOPLIST_FILE = ProjectToTestUINavigationController/Info.plist;
				LD_RUNPATH_SEARCH_PATHS = "$(inherited) @executable_path/Frameworks";
				PRODUCT_BUNDLE_IDENTIFIER = Thufik.ProjectToTestUINavigationController;
				PRODUCT_NAME = "$(TARGET_NAME)";
				SWIFT_VERSION = 4.0;
				TARGETED_DEVICE_FAMILY = "1,2";
			};
			name = Debug;
		};
		03342D422092407A001EF774 /* Release */ = {
			isa = XCBuildConfiguration;
			buildSettings = {
				ASSETCATALOG_COMPILER_APPICON_NAME = AppIcon;
				CODE_SIGN_STYLE = Automatic;
				INFOPLIST_FILE = ProjectToTestUINavigationController/Info.plist;
				LD_RUNPATH_SEARCH_PATHS = "$(inherited) @executable_path/Frameworks";
				PRODUCT_BUNDLE_IDENTIFIER = Thufik.ProjectToTestUINavigationController;
				PRODUCT_NAME = "$(TARGET_NAME)";
				SWIFT_VERSION = 4.0;
				TARGETED_DEVICE_FAMILY = "1,2";
			};
			name = Release;
		};
/* End XCBuildConfiguration section */

/* Begin XCConfigurationList section */
		03342D292092407A001EF774 /* Build configuration list for PBXProject "ProjectToTestUINavigationController" */ = {
			isa = XCConfigurationList;
			buildConfigurations = (
				03342D3E2092407A001EF774 /* Debug */,
				03342D3F2092407A001EF774 /* Release */,
			);
			defaultConfigurationIsVisible = 0;
			defaultConfigurationName = Release;
		};
		03342D402092407A001EF774 /* Build configuration list for PBXNativeTarget "ProjectToTestUINavigationController" */ = {
			isa = XCConfigurationList;
			buildConfigurations = (
				03342D412092407A001EF774 /* Debug */,
				03342D422092407A001EF774 /* Release */,
			);
			defaultConfigurationIsVisible = 0;
			defaultConfigurationName = Release;
		};
/* End XCConfigurationList section */
	};
	rootObject = 03342D262092407A001EF774 /* Project object */;
}
